
Microsoft Visual Studio Solution File, Format Version 12.00
# Visual Studio Version 17
VisualStudioVersion = 17.3.32804.467
MinimumVisualStudioVersion = 10.0.40219.1
Project("{8BC9CEB8-8B4A-11D0-8D11-00A0C91BC942}") = "00.1 - 2D Triangles", "00.1 - 2D Triangles\00.1 - 2D Triangles.vcxproj", "{7D7F47B5-D1BA-427C-880F-9A66970CEC4E}"
EndProject
Project("{8BC9CEB8-8B4A-11D0-8D11-00A0C91BC942}") = "template", "template\template.vcxproj", "{9FDE9FF1-9BDA-49F4-B17C-C9C7D509B836}"
EndProject
Project("{8BC9CEB8-8B4A-11D0-8D11-00A0C91BC942}") = "00.2 - 2D Sierpinsky", "00.2 - 2D Sierpinsky\00.2 - 2D Sierpinsky.vcxproj", "{628E76E8-D2C4-4644-AEA3-74E536B7F7F4}"
EndProject
Project("{8BC9CEB8-8B4A-11D0-8D11-00A0C91BC942}") = "00.3 - 3D Cube Transmat", "00.3 - 3D Cube Transmat\00.3 - 3D Cube Transmat.vcxproj", "{41B3C9E6-28BB-45AB-A45B-9243CDCB92EC}"
EndProject
Project("{8BC9CEB8-8B4A-11D0-8D11-00A0C91BC942}") = "00es", "00es\00es.vcxproj", "{0EF6022D-9BB7-4727-9D73-DD173BD0DF7A}"
EndProject
Project("{8BC9CEB8-8B4A-11D0-8D11-00A0C91BC942}") = "00demo", "00demo\00demo.vcxproj", "{8061F7F9-8E9C-4984-A361-39A21628E054}"
EndProject
Project("{8BC9CEB8-8B4A-11D0-8D11-00A0C91BC942}") = "01 - Bezier Curves", "01 - Bezier Curves\01 - Bezier Curves.vcxproj", "{35A0FC5D-A74A-490F-B2B7-262F449768F1}"
EndProject
Project("{8BC9CEB8-8B4A-11D0-8D11-00A0C91BC942}") = "01es", "01es\01es.vcxproj", "{009754DD-604D-49A7-9BAB-F4EEB0F9D475}"
EndProject
Project("{8BC9CEB8-8B4A-11D0-8D11-00A0C91BC942}") = "02es", "02es\02es.vcxproj", "{4624D080-E8EA-421E-A5B4-3D49726B2C53}"
EndProject
Project("{8BC9CEB8-8B4A-11D0-8D11-00A0C91BC942}") = "02.1 - 2D Jump Ball", "02.1 - 2D Jump Ball\02.1 - 2D Jump Ball.vcxproj", "{8CE04CAC-220F-43F1-859F-03F2F0967257}"
EndProject
Project("{8BC9CEB8-8B4A-11D0-8D11-00A0C91BC942}") = "02.2 - 2D Game Corona 19", "02.2 - 2D Game Corona 19\02.2 - 2D Game Corona 19.vcxproj", "{B5B42536-8ADB-4B61-8E71-74B42AE9D683}"
EndProject
Project("{8BC9CEB8-8B4A-11D0-8D11-00A0C91BC942}") = "02.3 - 2D Sea", "02.3 - 2D Sea\02.3 - 2D Sea.vcxproj", "{6D7DB950-DE10-4512-A1E7-B5B8E6E73725}"
EndProject
Project("{8BC9CEB8-8B4A-11D0-8D11-00A0C91BC942}") = "02.4 - 2D Particle System", "02.4 - 2D Particle System\02.4 - 2D Particle System.vcxproj", "{9A30AE10-D25A-4CCF-889A-DAC0DB5FD319}"
EndProject
Project("{8BC9CEB8-8B4A-11D0-8D11-00A0C91BC942}") = "03 - 3D Mesh Models", "03 - 3D Mesh Models\03 - 3D Mesh Models.vcxproj", "{2D2181D1-FCDC-462B-9267-E2E21305AB83}"
EndProject
Global
	GlobalSection(SolutionConfigurationPlatforms) = preSolution
		Debug|x64 = Debug|x64
		Debug|x86 = Debug|x86
		Release|x64 = Release|x64
		Release|x86 = Release|x86
	EndGlobalSection
	GlobalSection(ProjectConfigurationPlatforms) = postSolution
		{7D7F47B5-D1BA-427C-880F-9A66970CEC4E}.Debug|x64.ActiveCfg = Debug|x64
		{7D7F47B5-D1BA-427C-880F-9A66970CEC4E}.Debug|x64.Build.0 = Debug|x64
		{7D7F47B5-D1BA-427C-880F-9A66970CEC4E}.Debug|x86.ActiveCfg = Debug|Win32
		{7D7F47B5-D1BA-427C-880F-9A66970CEC4E}.Debug|x86.Build.0 = Debug|Win32
		{7D7F47B5-D1BA-427C-880F-9A66970CEC4E}.Release|x64.ActiveCfg = Release|x64
		{7D7F47B5-D1BA-427C-880F-9A66970CEC4E}.Release|x64.Build.0 = Release|x64
		{7D7F47B5-D1BA-427C-880F-9A66970CEC4E}.Release|x86.ActiveCfg = Release|Win32
		{7D7F47B5-D1BA-427C-880F-9A66970CEC4E}.Release|x86.Build.0 = Release|Win32
		{9FDE9FF1-9BDA-49F4-B17C-C9C7D509B836}.Debug|x64.ActiveCfg = Debug|x64
		{9FDE9FF1-9BDA-49F4-B17C-C9C7D509B836}.Debug|x64.Build.0 = Debug|x64
		{9FDE9FF1-9BDA-49F4-B17C-C9C7D509B836}.Debug|x86.ActiveCfg = Debug|Win32
		{9FDE9FF1-9BDA-49F4-B17C-C9C7D509B836}.Debug|x86.Build.0 = Debug|Win32
		{9FDE9FF1-9BDA-49F4-B17C-C9C7D509B836}.Release|x64.ActiveCfg = Release|x64
		{9FDE9FF1-9BDA-49F4-B17C-C9C7D509B836}.Release|x64.Build.0 = Release|x64
		{9FDE9FF1-9BDA-49F4-B17C-C9C7D509B836}.Release|x86.ActiveCfg = Release|Win32
		{9FDE9FF1-9BDA-49F4-B17C-C9C7D509B836}.Release|x86.Build.0 = Release|Win32
		{628E76E8-D2C4-4644-AEA3-74E536B7F7F4}.Debug|x64.ActiveCfg = Debug|x64
		{628E76E8-D2C4-4644-AEA3-74E536B7F7F4}.Debug|x64.Build.0 = Debug|x64
		{628E76E8-D2C4-4644-AEA3-74E536B7F7F4}.Debug|x86.ActiveCfg = Debug|Win32
		{628E76E8-D2C4-4644-AEA3-74E536B7F7F4}.Debug|x86.Build.0 = Debug|Win32
		{628E76E8-D2C4-4644-AEA3-74E536B7F7F4}.Release|x64.ActiveCfg = Release|x64
		{628E76E8-D2C4-4644-AEA3-74E536B7F7F4}.Release|x64.Build.0 = Release|x64
		{628E76E8-D2C4-4644-AEA3-74E536B7F7F4}.Release|x86.ActiveCfg = Release|Win32
		{628E76E8-D2C4-4644-AEA3-74E536B7F7F4}.Release|x86.Build.0 = Release|Win32
		{41B3C9E6-28BB-45AB-A45B-9243CDCB92EC}.Debug|x64.ActiveCfg = Debug|x64
		{41B3C9E6-28BB-45AB-A45B-9243CDCB92EC}.Debug|x64.Build.0 = Debug|x64
		{41B3C9E6-28BB-45AB-A45B-9243CDCB92EC}.Debug|x86.ActiveCfg = Debug|Win32
		{41B3C9E6-28BB-45AB-A45B-9243CDCB92EC}.Debug|x86.Build.0 = Debug|Win32
		{41B3C9E6-28BB-45AB-A45B-9243CDCB92EC}.Release|x64.ActiveCfg = Release|x64
		{41B3C9E6-28BB-45AB-A45B-9243CDCB92EC}.Release|x64.Build.0 = Release|x64
		{41B3C9E6-28BB-45AB-A45B-9243CDCB92EC}.Release|x86.ActiveCfg = Release|Win32
		{41B3C9E6-28BB-45AB-A45B-9243CDCB92EC}.Release|x86.Build.0 = Release|Win32
		{0EF6022D-9BB7-4727-9D73-DD173BD0DF7A}.Debug|x64.ActiveCfg = Debug|x64
		{0EF6022D-9BB7-4727-9D73-DD173BD0DF7A}.Debug|x64.Build.0 = Debug|x64
		{0EF6022D-9BB7-4727-9D73-DD173BD0DF7A}.Debug|x86.ActiveCfg = Debug|Win32
		{0EF6022D-9BB7-4727-9D73-DD173BD0DF7A}.Debug|x86.Build.0 = Debug|Win32
		{0EF6022D-9BB7-4727-9D73-DD173BD0DF7A}.Release|x64.ActiveCfg = Release|x64
		{0EF6022D-9BB7-4727-9D73-DD173BD0DF7A}.Release|x64.Build.0 = Release|x64
		{0EF6022D-9BB7-4727-9D73-DD173BD0DF7A}.Release|x86.ActiveCfg = Release|Win32
		{0EF6022D-9BB7-4727-9D73-DD173BD0DF7A}.Release|x86.Build.0 = Release|Win32
		{8061F7F9-8E9C-4984-A361-39A21628E054}.Debug|x64.ActiveCfg = Debug|x64
		{8061F7F9-8E9C-4984-A361-39A21628E054}.Debug|x64.Build.0 = Debug|x64
		{8061F7F9-8E9C-4984-A361-39A21628E054}.Debug|x86.ActiveCfg = Debug|Win32
		{8061F7F9-8E9C-4984-A361-39A21628E054}.Debug|x86.Build.0 = Debug|Win32
		{8061F7F9-8E9C-4984-A361-39A21628E054}.Release|x64.ActiveCfg = Release|x64
		{8061F7F9-8E9C-4984-A361-39A21628E054}.Release|x64.Build.0 = Release|x64
		{8061F7F9-8E9C-4984-A361-39A21628E054}.Release|x86.ActiveCfg = Release|Win32
		{8061F7F9-8E9C-4984-A361-39A21628E054}.Release|x86.Build.0 = Release|Win32
		{35A0FC5D-A74A-490F-B2B7-262F449768F1}.Debug|x64.ActiveCfg = Debug|x64
		{35A0FC5D-A74A-490F-B2B7-262F449768F1}.Debug|x64.Build.0 = Debug|x64
		{35A0FC5D-A74A-490F-B2B7-262F449768F1}.Debug|x86.ActiveCfg = Debug|Win32
		{35A0FC5D-A74A-490F-B2B7-262F449768F1}.Debug|x86.Build.0 = Debug|Win32
		{35A0FC5D-A74A-490F-B2B7-262F449768F1}.Release|x64.ActiveCfg = Release|x64
		{35A0FC5D-A74A-490F-B2B7-262F449768F1}.Release|x64.Build.0 = Release|x64
		{35A0FC5D-A74A-490F-B2B7-262F449768F1}.Release|x86.ActiveCfg = Release|Win32
		{35A0FC5D-A74A-490F-B2B7-262F449768F1}.Release|x86.Build.0 = Release|Win32
		{009754DD-604D-49A7-9BAB-F4EEB0F9D475}.Debug|x64.ActiveCfg = Debug|x64
		{009754DD-604D-49A7-9BAB-F4EEB0F9D475}.Debug|x64.Build.0 = Debug|x64
		{009754DD-604D-49A7-9BAB-F4EEB0F9D475}.Debug|x86.ActiveCfg = Debug|Win32
		{009754DD-604D-49A7-9BAB-F4EEB0F9D475}.Debug|x86.Build.0 = Debug|Win32
		{009754DD-604D-49A7-9BAB-F4EEB0F9D475}.Release|x64.ActiveCfg = Release|x64
		{009754DD-604D-49A7-9BAB-F4EEB0F9D475}.Release|x64.Build.0 = Release|x64
		{009754DD-604D-49A7-9BAB-F4EEB0F9D475}.Release|x86.ActiveCfg = Release|Win32
		{009754DD-604D-49A7-9BAB-F4EEB0F9D475}.Release|x86.Build.0 = Release|Win32
		{4624D080-E8EA-421E-A5B4-3D49726B2C53}.Debug|x64.ActiveCfg = Debug|x64
		{4624D080-E8EA-421E-A5B4-3D49726B2C53}.Debug|x64.Build.0 = Debug|x64
		{4624D080-E8EA-421E-A5B4-3D49726B2C53}.Debug|x86.ActiveCfg = Debug|Win32
		{4624D080-E8EA-421E-A5B4-3D49726B2C53}.Debug|x86.Build.0 = Debug|Win32
		{4624D080-E8EA-421E-A5B4-3D49726B2C53}.Release|x64.ActiveCfg = Release|x64
		{4624D080-E8EA-421E-A5B4-3D49726B2C53}.Release|x64.Build.0 = Release|x64
		{4624D080-E8EA-421E-A5B4-3D49726B2C53}.Release|x86.ActiveCfg = Release|Win32
		{4624D080-E8EA-421E-A5B4-3D49726B2C53}.Release|x86.Build.0 = Release|Win32
		{8CE04CAC-220F-43F1-859F-03F2F0967257}.Debug|x64.ActiveCfg = Debug|x64
		{8CE04CAC-220F-43F1-859F-03F2F0967257}.Debug|x64.Build.0 = Debug|x64
		{8CE04CAC-220F-43F1-859F-03F2F0967257}.Debug|x86.ActiveCfg = Debug|Win32
		{8CE04CAC-220F-43F1-859F-03F2F0967257}.Debug|x86.Build.0 = Debug|Win32
		{8CE04CAC-220F-43F1-859F-03F2F0967257}.Release|x64.ActiveCfg = Release|x64
		{8CE04CAC-220F-43F1-859F-03F2F0967257}.Release|x64.Build.0 = Release|x64
		{8CE04CAC-220F-43F1-859F-03F2F0967257}.Release|x86.ActiveCfg = Release|Win32
		{8CE04CAC-220F-43F1-859F-03F2F0967257}.Release|x86.Build.0 = Release|Win32
		{B5B42536-8ADB-4B61-8E71-74B42AE9D683}.Debug|x64.ActiveCfg = Debug|x64
		{B5B42536-8ADB-4B61-8E71-74B42AE9D683}.Debug|x64.Build.0 = Debug|x64
		{B5B42536-8ADB-4B61-8E71-74B42AE9D683}.Debug|x86.ActiveCfg = Debug|Win32
		{B5B42536-8ADB-4B61-8E71-74B42AE9D683}.Debug|x86.Build.0 = Debug|Win32
		{B5B42536-8ADB-4B61-8E71-74B42AE9D683}.Release|x64.ActiveCfg = Release|x64
		{B5B42536-8ADB-4B61-8E71-74B42AE9D683}.Release|x64.Build.0 = Release|x64
		{B5B42536-8ADB-4B61-8E71-74B42AE9D683}.Release|x86.ActiveCfg = Release|Win32
		{B5B42536-8ADB-4B61-8E71-74B42AE9D683}.Release|x86.Build.0 = Release|Win32
		{6D7DB950-DE10-4512-A1E7-B5B8E6E73725}.Debug|x64.ActiveCfg = Debug|x64
		{6D7DB950-DE10-4512-A1E7-B5B8E6E73725}.Debug|x64.Build.0 = Debug|x64
		{6D7DB950-DE10-4512-A1E7-B5B8E6E73725}.Debug|x86.ActiveCfg = Debug|Win32
		{6D7DB950-DE10-4512-A1E7-B5B8E6E73725}.Debug|x86.Build.0 = Debug|Win32
		{6D7DB950-DE10-4512-A1E7-B5B8E6E73725}.Release|x64.ActiveCfg = Release|x64
		{6D7DB950-DE10-4512-A1E7-B5B8E6E73725}.Release|x64.Build.0 = Release|x64
		{6D7DB950-DE10-4512-A1E7-B5B8E6E73725}.Release|x86.ActiveCfg = Release|Win32
		{6D7DB950-DE10-4512-A1E7-B5B8E6E73725}.Release|x86.Build.0 = Release|Win32
		{9A30AE10-D25A-4CCF-889A-DAC0DB5FD319}.Debug|x64.ActiveCfg = Debug|x64
		{9A30AE10-D25A-4CCF-889A-DAC0DB5FD319}.Debug|x64.Build.0 = Debug|x64
		{9A30AE10-D25A-4CCF-889A-DAC0DB5FD319}.Debug|x86.ActiveCfg = Debug|Win32
		{9A30AE10-D25A-4CCF-889A-DAC0DB5FD319}.Debug|x86.Build.0 = Debug|Win32
		{9A30AE10-D25A-4CCF-889A-DAC0DB5FD319}.Release|x64.ActiveCfg = Release|x64
		{9A30AE10-D25A-4CCF-889A-DAC0DB5FD319}.Release|x64.Build.0 = Release|x64
		{9A30AE10-D25A-4CCF-889A-DAC0DB5FD319}.Release|x86.ActiveCfg = Release|Win32
		{9A30AE10-D25A-4CCF-889A-DAC0DB5FD319}.Release|x86.Build.0 = Release|Win32
		{2D2181D1-FCDC-462B-9267-E2E21305AB83}.Debug|x64.ActiveCfg = Debug|x64
		{2D2181D1-FCDC-462B-9267-E2E21305AB83}.Debug|x64.Build.0 = Debug|x64
		{2D2181D1-FCDC-462B-9267-E2E21305AB83}.Debug|x86.ActiveCfg = Debug|Win32
		{2D2181D1-FCDC-462B-9267-E2E21305AB83}.Debug|x86.Build.0 = Debug|Win32
		{2D2181D1-FCDC-462B-9267-E2E21305AB83}.Release|x64.ActiveCfg = Release|x64
		{2D2181D1-FCDC-462B-9267-E2E21305AB83}.Release|x64.Build.0 = Release|x64
		{2D2181D1-FCDC-462B-9267-E2E21305AB83}.Release|x86.ActiveCfg = Release|Win32
		{2D2181D1-FCDC-462B-9267-E2E21305AB83}.Release|x86.Build.0 = Release|Win32
	EndGlobalSection
	GlobalSection(SolutionProperties) = preSolution
		HideSolutionNode = FALSE
	EndGlobalSection
	GlobalSection(ExtensibilityGlobals) = postSolution
		SolutionGuid = {7CFCE560-41CF-43E3-8883-CB47B8C6E3BB}
	EndGlobalSection
EndGlobal
